
Microsoft Visual Studio Solution File, Format Version 12.00
# Visual Studio Version 16
VisualStudioVersion = 16.0.30413.136
MinimumVisualStudioVersion = 10.0.40219.1
Project("{FAE04EC0-301F-11D3-BF4B-00C04F79EFBC}") = "array_assignment_1922", "array_assignment_1922\array_assignment_1922.csproj", "{F5E5A070-8F8E-490C-80E7-6819651E06C6}"
EndProject
Global
	GlobalSection(SolutionConfigurationPlatforms) = preSolution
		Debug|Any CPU = Debug|Any CPU
		Release|Any CPU = Release|Any CPU
	EndGlobalSection
	GlobalSection(ProjectConfigurationPlatforms) = postSolution
		{F5E5A070-8F8E-490C-80E7-6819651E06C6}.Debug|Any CPU.ActiveCfg = Debug|Any CPU
		{F5E5A070-8F8E-490C-80E7-6819651E06C6}.Debug|Any CPU.Build.0 = Debug|Any CPU
		{F5E5A070-8F8E-490C-80E7-6819651E06C6}.Release|Any CPU.ActiveCfg = Release|Any CPU
		{F5E5A070-8F8E-490C-80E7-6819651E06C6}.Release|Any CPU.Build.0 = Release|Any CPU
	EndGlobalSection
	GlobalSection(SolutionProperties) = preSolution
		HideSolutionNode = FALSE
	EndGlobalSection
	GlobalSection(ExtensibilityGlobals) = postSolution
		SolutionGuid = {F951EAF7-ABBD-410C-8FEC-3ECA207F2E22}
	EndGlobalSection
EndGlobal
