
Microsoft Visual Studio Solution File, Format Version 12.00
# Visual Studio Version 16
VisualStudioVersion = 16.0.30413.136
MinimumVisualStudioVersion = 10.0.40219.1
Project("{FAE04EC0-301F-11D3-BF4B-00C04F79EFBC}") = "console_app_part_1_1971", "console_app_part_1_1971\console_app_part_1_1971.csproj", "{35A814DE-AE71-43F9-8C45-F7FE8AC55AC5}"
EndProject
Global
	GlobalSection(SolutionConfigurationPlatforms) = preSolution
		Debug|Any CPU = Debug|Any CPU
		Release|Any CPU = Release|Any CPU
	EndGlobalSection
	GlobalSection(ProjectConfigurationPlatforms) = postSolution
		{35A814DE-AE71-43F9-8C45-F7FE8AC55AC5}.Debug|Any CPU.ActiveCfg = Debug|Any CPU
		{35A814DE-AE71-43F9-8C45-F7FE8AC55AC5}.Debug|Any CPU.Build.0 = Debug|Any CPU
		{35A814DE-AE71-43F9-8C45-F7FE8AC55AC5}.Release|Any CPU.ActiveCfg = Release|Any CPU
		{35A814DE-AE71-43F9-8C45-F7FE8AC55AC5}.Release|Any CPU.Build.0 = Release|Any CPU
	EndGlobalSection
	GlobalSection(SolutionProperties) = preSolution
		HideSolutionNode = FALSE
	EndGlobalSection
	GlobalSection(ExtensibilityGlobals) = postSolution
		SolutionGuid = {C07DD058-F879-4A1A-A5AB-55E970919F20}
	EndGlobalSection
EndGlobal
