
Microsoft Visual Studio Solution File, Format Version 12.00
# Visual Studio Version 16
VisualStudioVersion = 16.0.30523.141
MinimumVisualStudioVersion = 10.0.40219.1
Project("{FAE04EC0-301F-11D3-BF4B-00C04F79EFBC}") = "assignment_240", "assignment_240\assignment_240.csproj", "{6C51E278-261B-44EE-882C-F27301777A1D}"
EndProject
Global
	GlobalSection(SolutionConfigurationPlatforms) = preSolution
		Debug|Any CPU = Debug|Any CPU
		Release|Any CPU = Release|Any CPU
	EndGlobalSection
	GlobalSection(ProjectConfigurationPlatforms) = postSolution
		{6C51E278-261B-44EE-882C-F27301777A1D}.Debug|Any CPU.ActiveCfg = Debug|Any CPU
		{6C51E278-261B-44EE-882C-F27301777A1D}.Debug|Any CPU.Build.0 = Debug|Any CPU
		{6C51E278-261B-44EE-882C-F27301777A1D}.Release|Any CPU.ActiveCfg = Release|Any CPU
		{6C51E278-261B-44EE-882C-F27301777A1D}.Release|Any CPU.Build.0 = Release|Any CPU
	EndGlobalSection
	GlobalSection(SolutionProperties) = preSolution
		HideSolutionNode = FALSE
	EndGlobalSection
	GlobalSection(ExtensibilityGlobals) = postSolution
		SolutionGuid = {EAE04269-7AB3-4207-B7E4-6E080F5A1C26}
	EndGlobalSection
EndGlobal
