
Microsoft Visual Studio Solution File, Format Version 12.00
# Visual Studio Version 16
VisualStudioVersion = 16.0.30523.141
MinimumVisualStudioVersion = 10.0.40219.1
Project("{FAE04EC0-301F-11D3-BF4B-00C04F79EFBC}") = "class_method_assignment_220", "class_method_assignment_220\class_method_assignment_220.csproj", "{88DC8533-7FD3-4F31-8E79-E7CFEA14AD8C}"
EndProject
Global
	GlobalSection(SolutionConfigurationPlatforms) = preSolution
		Debug|Any CPU = Debug|Any CPU
		Release|Any CPU = Release|Any CPU
	EndGlobalSection
	GlobalSection(ProjectConfigurationPlatforms) = postSolution
		{88DC8533-7FD3-4F31-8E79-E7CFEA14AD8C}.Debug|Any CPU.ActiveCfg = Debug|Any CPU
		{88DC8533-7FD3-4F31-8E79-E7CFEA14AD8C}.Debug|Any CPU.Build.0 = Debug|Any CPU
		{88DC8533-7FD3-4F31-8E79-E7CFEA14AD8C}.Release|Any CPU.ActiveCfg = Release|Any CPU
		{88DC8533-7FD3-4F31-8E79-E7CFEA14AD8C}.Release|Any CPU.Build.0 = Release|Any CPU
	EndGlobalSection
	GlobalSection(SolutionProperties) = preSolution
		HideSolutionNode = FALSE
	EndGlobalSection
	GlobalSection(ExtensibilityGlobals) = postSolution
		SolutionGuid = {6313F888-E2F6-4346-87D2-06A6AD47111E}
	EndGlobalSection
EndGlobal
