
Microsoft Visual Studio Solution File, Format Version 12.00
# Visual Studio Version 16
VisualStudioVersion = 16.0.30413.136
MinimumVisualStudioVersion = 10.0.40219.1
Project("{FAE04EC0-301F-11D3-BF4B-00C04F79EFBC}") = "class_assignment_216", "class_assignment_216\class_assignment_216.csproj", "{5E847677-C048-4C02-967E-4064D8954C8E}"
EndProject
Global
	GlobalSection(SolutionConfigurationPlatforms) = preSolution
		Debug|Any CPU = Debug|Any CPU
		Release|Any CPU = Release|Any CPU
	EndGlobalSection
	GlobalSection(ProjectConfigurationPlatforms) = postSolution
		{5E847677-C048-4C02-967E-4064D8954C8E}.Debug|Any CPU.ActiveCfg = Debug|Any CPU
		{5E847677-C048-4C02-967E-4064D8954C8E}.Debug|Any CPU.Build.0 = Debug|Any CPU
		{5E847677-C048-4C02-967E-4064D8954C8E}.Release|Any CPU.ActiveCfg = Release|Any CPU
		{5E847677-C048-4C02-967E-4064D8954C8E}.Release|Any CPU.Build.0 = Release|Any CPU
	EndGlobalSection
	GlobalSection(SolutionProperties) = preSolution
		HideSolutionNode = FALSE
	EndGlobalSection
	GlobalSection(ExtensibilityGlobals) = postSolution
		SolutionGuid = {4C5567AC-2920-46C4-9951-2A36585DCF72}
	EndGlobalSection
EndGlobal
