
Microsoft Visual Studio Solution File, Format Version 12.00
# Visual Studio 15
VisualStudioVersion = 15.0.28307.1267
MinimumVisualStudioVersion = 10.0.40219.1
Project("{FAE04EC0-301F-11D3-BF4B-00C04F79EFBC}") = "MM444", "MM444\MM444.csproj", "{ACDCCFA4-9E2E-4223-BF28-8AD8F95E3795}"
EndProject
Global
	GlobalSection(SolutionConfigurationPlatforms) = preSolution
		Debug|Any CPU = Debug|Any CPU
		Release|Any CPU = Release|Any CPU
	EndGlobalSection
	GlobalSection(ProjectConfigurationPlatforms) = postSolution
		{ACDCCFA4-9E2E-4223-BF28-8AD8F95E3795}.Debug|Any CPU.ActiveCfg = Debug|Any CPU
		{ACDCCFA4-9E2E-4223-BF28-8AD8F95E3795}.Debug|Any CPU.Build.0 = Debug|Any CPU
		{ACDCCFA4-9E2E-4223-BF28-8AD8F95E3795}.Release|Any CPU.ActiveCfg = Release|Any CPU
		{ACDCCFA4-9E2E-4223-BF28-8AD8F95E3795}.Release|Any CPU.Build.0 = Release|Any CPU
	EndGlobalSection
	GlobalSection(SolutionProperties) = preSolution
		HideSolutionNode = FALSE
	EndGlobalSection
	GlobalSection(ExtensibilityGlobals) = postSolution
		SolutionGuid = {A7ECD9F4-B244-4F0B-AF9D-99A16D06BE6E}
	EndGlobalSection
EndGlobal
