
Microsoft Visual Studio Solution File, Format Version 12.00
# Visual Studio Version 16
VisualStudioVersion = 16.0.30413.136
MinimumVisualStudioVersion = 10.0.40219.1
Project("{FAE04EC0-301F-11D3-BF4B-00C04F79EFBC}") = "string_array_191_assignment", "string_array_191_assignment\string_array_191_assignment.csproj", "{8EC27BC4-2402-4C62-A100-74A6E05ECA85}"
EndProject
Global
	GlobalSection(SolutionConfigurationPlatforms) = preSolution
		Debug|Any CPU = Debug|Any CPU
		Release|Any CPU = Release|Any CPU
	EndGlobalSection
	GlobalSection(ProjectConfigurationPlatforms) = postSolution
		{8EC27BC4-2402-4C62-A100-74A6E05ECA85}.Debug|Any CPU.ActiveCfg = Debug|Any CPU
		{8EC27BC4-2402-4C62-A100-74A6E05ECA85}.Debug|Any CPU.Build.0 = Debug|Any CPU
		{8EC27BC4-2402-4C62-A100-74A6E05ECA85}.Release|Any CPU.ActiveCfg = Release|Any CPU
		{8EC27BC4-2402-4C62-A100-74A6E05ECA85}.Release|Any CPU.Build.0 = Release|Any CPU
	EndGlobalSection
	GlobalSection(SolutionProperties) = preSolution
		HideSolutionNode = FALSE
	EndGlobalSection
	GlobalSection(ExtensibilityGlobals) = postSolution
		SolutionGuid = {15CEC845-94CA-4D01-8EA5-3AC76D2DE8C6}
	EndGlobalSection
EndGlobal
