
Microsoft Visual Studio Solution File, Format Version 12.00
# Visual Studio Version 16
VisualStudioVersion = 16.0.30413.136
MinimumVisualStudioVersion = 10.0.40219.1
Project("{FAE04EC0-301F-11D3-BF4B-00C04F79EFBC}") = "variables_data_types_129_video", "variables_data_types_129_video\variables_data_types_129_video.csproj", "{4133C285-2D16-44AF-B25E-8088D5EF3C2D}"
EndProject
Global
	GlobalSection(SolutionConfigurationPlatforms) = preSolution
		Debug|Any CPU = Debug|Any CPU
		Release|Any CPU = Release|Any CPU
	EndGlobalSection
	GlobalSection(ProjectConfigurationPlatforms) = postSolution
		{4133C285-2D16-44AF-B25E-8088D5EF3C2D}.Debug|Any CPU.ActiveCfg = Debug|Any CPU
		{4133C285-2D16-44AF-B25E-8088D5EF3C2D}.Debug|Any CPU.Build.0 = Debug|Any CPU
		{4133C285-2D16-44AF-B25E-8088D5EF3C2D}.Release|Any CPU.ActiveCfg = Release|Any CPU
		{4133C285-2D16-44AF-B25E-8088D5EF3C2D}.Release|Any CPU.Build.0 = Release|Any CPU
	EndGlobalSection
	GlobalSection(SolutionProperties) = preSolution
		HideSolutionNode = FALSE
	EndGlobalSection
	GlobalSection(ExtensibilityGlobals) = postSolution
		SolutionGuid = {21FFC429-502B-4B46-9EEF-6980B64A0922}
	EndGlobalSection
EndGlobal
