
Microsoft Visual Studio Solution File, Format Version 12.00
# Visual Studio Version 16
VisualStudioVersion = 16.0.30413.136
MinimumVisualStudioVersion = 10.0.40219.1
Project("{FAE04EC0-301F-11D3-BF4B-00C04F79EFBC}") = "ConsoleApp1", "ConsoleApp1\ConsoleApp1.csproj", "{381F5A19-F18E-472D-A2E2-7C84E97BD4EE}"
EndProject
Global
	GlobalSection(SolutionConfigurationPlatforms) = preSolution
		Debug|Any CPU = Debug|Any CPU
		Release|Any CPU = Release|Any CPU
	EndGlobalSection
	GlobalSection(ProjectConfigurationPlatforms) = postSolution
		{381F5A19-F18E-472D-A2E2-7C84E97BD4EE}.Debug|Any CPU.ActiveCfg = Debug|Any CPU
		{381F5A19-F18E-472D-A2E2-7C84E97BD4EE}.Debug|Any CPU.Build.0 = Debug|Any CPU
		{381F5A19-F18E-472D-A2E2-7C84E97BD4EE}.Release|Any CPU.ActiveCfg = Release|Any CPU
		{381F5A19-F18E-472D-A2E2-7C84E97BD4EE}.Release|Any CPU.Build.0 = Release|Any CPU
	EndGlobalSection
	GlobalSection(SolutionProperties) = preSolution
		HideSolutionNode = FALSE
	EndGlobalSection
	GlobalSection(ExtensibilityGlobals) = postSolution
		SolutionGuid = {E22FC24A-712A-46D5-88B8-5F5498A73A90}
	EndGlobalSection
EndGlobal
