
Microsoft Visual Studio Solution File, Format Version 12.00
# Visual Studio Version 16
VisualStudioVersion = 16.0.30523.141
MinimumVisualStudioVersion = 10.0.40219.1
Project("{FAE04EC0-301F-11D3-BF4B-00C04F79EFBC}") = "21_Cardgame", "21_Cardgame\21_Cardgame.csproj", "{66698392-2723-4351-AA1D-B1C05B2C713A}"
EndProject
Global
	GlobalSection(SolutionConfigurationPlatforms) = preSolution
		Debug|Any CPU = Debug|Any CPU
		Release|Any CPU = Release|Any CPU
	EndGlobalSection
	GlobalSection(ProjectConfigurationPlatforms) = postSolution
		{66698392-2723-4351-AA1D-B1C05B2C713A}.Debug|Any CPU.ActiveCfg = Debug|Any CPU
		{66698392-2723-4351-AA1D-B1C05B2C713A}.Debug|Any CPU.Build.0 = Debug|Any CPU
		{66698392-2723-4351-AA1D-B1C05B2C713A}.Release|Any CPU.ActiveCfg = Release|Any CPU
		{66698392-2723-4351-AA1D-B1C05B2C713A}.Release|Any CPU.Build.0 = Release|Any CPU
	EndGlobalSection
	GlobalSection(SolutionProperties) = preSolution
		HideSolutionNode = FALSE
	EndGlobalSection
	GlobalSection(ExtensibilityGlobals) = postSolution
		SolutionGuid = {372695F9-42E2-4912-8AA7-298E2BB41146}
	EndGlobalSection
EndGlobal
