
Microsoft Visual Studio Solution File, Format Version 12.00
# Visual Studio Version 16
VisualStudioVersion = 16.0.30523.141
MinimumVisualStudioVersion = 10.0.40219.1
Project("{FAE04EC0-301F-11D3-BF4B-00C04F79EFBC}") = "TechAcadStudentsMVC", "TechAcadStudentsMVC\TechAcadStudentsMVC.csproj", "{5186394E-566F-4DA7-9E82-CB750C2B1CE2}"
EndProject
Global
	GlobalSection(SolutionConfigurationPlatforms) = preSolution
		Debug|Any CPU = Debug|Any CPU
		Release|Any CPU = Release|Any CPU
	EndGlobalSection
	GlobalSection(ProjectConfigurationPlatforms) = postSolution
		{5186394E-566F-4DA7-9E82-CB750C2B1CE2}.Debug|Any CPU.ActiveCfg = Debug|Any CPU
		{5186394E-566F-4DA7-9E82-CB750C2B1CE2}.Debug|Any CPU.Build.0 = Debug|Any CPU
		{5186394E-566F-4DA7-9E82-CB750C2B1CE2}.Release|Any CPU.ActiveCfg = Release|Any CPU
		{5186394E-566F-4DA7-9E82-CB750C2B1CE2}.Release|Any CPU.Build.0 = Release|Any CPU
	EndGlobalSection
	GlobalSection(SolutionProperties) = preSolution
		HideSolutionNode = FALSE
	EndGlobalSection
	GlobalSection(ExtensibilityGlobals) = postSolution
		SolutionGuid = {10E7F52D-2F26-4C75-90D2-64B5B805E998}
	EndGlobalSection
EndGlobal
