
Microsoft Visual Studio Solution File, Format Version 12.00
# Visual Studio Version 16
VisualStudioVersion = 16.0.30523.141
MinimumVisualStudioVersion = 10.0.40219.1
Project("{FAE04EC0-301F-11D3-BF4B-00C04F79EFBC}") = "exception_handling_video_205", "exception_handling_video_205.csproj", "{D7BE7200-A5C6-42A0-AB03-2337CAD63243}"
EndProject
Global
	GlobalSection(SolutionConfigurationPlatforms) = preSolution
		Debug|Any CPU = Debug|Any CPU
		Release|Any CPU = Release|Any CPU
	EndGlobalSection
	GlobalSection(ProjectConfigurationPlatforms) = postSolution
		{D7BE7200-A5C6-42A0-AB03-2337CAD63243}.Debug|Any CPU.ActiveCfg = Debug|Any CPU
		{D7BE7200-A5C6-42A0-AB03-2337CAD63243}.Debug|Any CPU.Build.0 = Debug|Any CPU
		{D7BE7200-A5C6-42A0-AB03-2337CAD63243}.Release|Any CPU.ActiveCfg = Release|Any CPU
		{D7BE7200-A5C6-42A0-AB03-2337CAD63243}.Release|Any CPU.Build.0 = Release|Any CPU
	EndGlobalSection
	GlobalSection(SolutionProperties) = preSolution
		HideSolutionNode = FALSE
	EndGlobalSection
	GlobalSection(ExtensibilityGlobals) = postSolution
		SolutionGuid = {CE151E4D-A7D6-4D20-9524-1B8056E0917D}
	EndGlobalSection
EndGlobal
