
Microsoft Visual Studio Solution File, Format Version 12.00
# Visual Studio Version 16
VisualStudioVersion = 16.0.30523.141
MinimumVisualStudioVersion = 10.0.40219.1
Project("{FAE04EC0-301F-11D3-BF4B-00C04F79EFBC}") = "assignment_248", "assignment_248\assignment_248.csproj", "{5F0150CD-97A4-49A9-8B5A-D80644FD55DB}"
EndProject
Project("{FAE04EC0-301F-11D3-BF4B-00C04F79EFBC}") = "assignment_260", "..\assignment_260\assignment_260.csproj", "{6C6EE1F2-A1E5-4101-800D-7A83A6D38753}"
EndProject
Global
	GlobalSection(SolutionConfigurationPlatforms) = preSolution
		Debug|Any CPU = Debug|Any CPU
		Release|Any CPU = Release|Any CPU
	EndGlobalSection
	GlobalSection(ProjectConfigurationPlatforms) = postSolution
		{5F0150CD-97A4-49A9-8B5A-D80644FD55DB}.Debug|Any CPU.ActiveCfg = Debug|Any CPU
		{5F0150CD-97A4-49A9-8B5A-D80644FD55DB}.Debug|Any CPU.Build.0 = Debug|Any CPU
		{5F0150CD-97A4-49A9-8B5A-D80644FD55DB}.Release|Any CPU.ActiveCfg = Release|Any CPU
		{5F0150CD-97A4-49A9-8B5A-D80644FD55DB}.Release|Any CPU.Build.0 = Release|Any CPU
		{6C6EE1F2-A1E5-4101-800D-7A83A6D38753}.Debug|Any CPU.ActiveCfg = Debug|Any CPU
		{6C6EE1F2-A1E5-4101-800D-7A83A6D38753}.Debug|Any CPU.Build.0 = Debug|Any CPU
		{6C6EE1F2-A1E5-4101-800D-7A83A6D38753}.Release|Any CPU.ActiveCfg = Release|Any CPU
		{6C6EE1F2-A1E5-4101-800D-7A83A6D38753}.Release|Any CPU.Build.0 = Release|Any CPU
	EndGlobalSection
	GlobalSection(SolutionProperties) = preSolution
		HideSolutionNode = FALSE
	EndGlobalSection
	GlobalSection(ExtensibilityGlobals) = postSolution
		SolutionGuid = {AF0EF1BA-8CA1-4668-B0B2-C80898CA13AA}
	EndGlobalSection
EndGlobal
