
Microsoft Visual Studio Solution File, Format Version 12.00
# Visual Studio Version 16
VisualStudioVersion = 16.0.30523.141
MinimumVisualStudioVersion = 10.0.40219.1
Project("{FAE04EC0-301F-11D3-BF4B-00C04F79EFBC}") = "class_inheritance_method_229", "class_inheritance_method_229.csproj", "{A405332B-1223-4A37-9BAA-51220B05A5BE}"
EndProject
Project("{FAE04EC0-301F-11D3-BF4B-00C04F79EFBC}") = "assignment_3077", "..\assignment_3077\assignment_3077.csproj", "{9E04F347-CB09-46AD-B3B3-D6A739D45344}"
EndProject
Global
	GlobalSection(SolutionConfigurationPlatforms) = preSolution
		Debug|Any CPU = Debug|Any CPU
		Release|Any CPU = Release|Any CPU
	EndGlobalSection
	GlobalSection(ProjectConfigurationPlatforms) = postSolution
		{A405332B-1223-4A37-9BAA-51220B05A5BE}.Debug|Any CPU.ActiveCfg = Debug|Any CPU
		{A405332B-1223-4A37-9BAA-51220B05A5BE}.Debug|Any CPU.Build.0 = Debug|Any CPU
		{A405332B-1223-4A37-9BAA-51220B05A5BE}.Release|Any CPU.ActiveCfg = Release|Any CPU
		{A405332B-1223-4A37-9BAA-51220B05A5BE}.Release|Any CPU.Build.0 = Release|Any CPU
		{9E04F347-CB09-46AD-B3B3-D6A739D45344}.Debug|Any CPU.ActiveCfg = Debug|Any CPU
		{9E04F347-CB09-46AD-B3B3-D6A739D45344}.Debug|Any CPU.Build.0 = Debug|Any CPU
		{9E04F347-CB09-46AD-B3B3-D6A739D45344}.Release|Any CPU.ActiveCfg = Release|Any CPU
		{9E04F347-CB09-46AD-B3B3-D6A739D45344}.Release|Any CPU.Build.0 = Release|Any CPU
	EndGlobalSection
	GlobalSection(SolutionProperties) = preSolution
		HideSolutionNode = FALSE
	EndGlobalSection
	GlobalSection(ExtensibilityGlobals) = postSolution
		SolutionGuid = {A4E108DE-A4B1-45B8-BE80-72E7AD6E6F04}
	EndGlobalSection
EndGlobal
