
Microsoft Visual Studio Solution File, Format Version 12.00
# Visual Studio Version 16
VisualStudioVersion = 16.0.30413.136
MinimumVisualStudioVersion = 10.0.40219.1
Project("{FAE04EC0-301F-11D3-BF4B-00C04F79EFBC}") = "console_app_part_199", "console_app_part_199\console_app_part_199.csproj", "{9EA6ECCC-3FFD-4585-AD9C-DC4321102F72}"
EndProject
Global
	GlobalSection(SolutionConfigurationPlatforms) = preSolution
		Debug|Any CPU = Debug|Any CPU
		Release|Any CPU = Release|Any CPU
	EndGlobalSection
	GlobalSection(ProjectConfigurationPlatforms) = postSolution
		{9EA6ECCC-3FFD-4585-AD9C-DC4321102F72}.Debug|Any CPU.ActiveCfg = Debug|Any CPU
		{9EA6ECCC-3FFD-4585-AD9C-DC4321102F72}.Debug|Any CPU.Build.0 = Debug|Any CPU
		{9EA6ECCC-3FFD-4585-AD9C-DC4321102F72}.Release|Any CPU.ActiveCfg = Release|Any CPU
		{9EA6ECCC-3FFD-4585-AD9C-DC4321102F72}.Release|Any CPU.Build.0 = Release|Any CPU
	EndGlobalSection
	GlobalSection(SolutionProperties) = preSolution
		HideSolutionNode = FALSE
	EndGlobalSection
	GlobalSection(ExtensibilityGlobals) = postSolution
		SolutionGuid = {20DA042E-B3E6-4F72-B069-F9572384F6D5}
	EndGlobalSection
EndGlobal
